// !$*UTF8*$!
{
	archiveVersion = 1;
	classes = {
	};
	objectVersion = 50;
	objects = {

/* Begin PBXBuildFile section */
		36E96D1E5935BB6D6B1B0FD1 /* Pods_moviesUITests.framework in Frameworks */ = {isa = PBXBuildFile; fileRef = 0B1ACA7071592C5AFABCA8EA /* Pods_moviesUITests.framework */; };
		3F66167791E2E999E83BD82C /* Pods_moviesTests.framework in Frameworks */ = {isa = PBXBuildFile; fileRef = 7C10B8A45784615440511962 /* Pods_moviesTests.framework */; };
		67AD001EDE0E035C9DA3521C /* Pods_movies.framework in Frameworks */ = {isa = PBXBuildFile; fileRef = 172186F224D2B9CB4724F529 /* Pods_movies.framework */; };
		A0632E4621FFB7E600CE5785 /* AppDelegate.swift in Sources */ = {isa = PBXBuildFile; fileRef = A0632E4521FFB7E600CE5785 /* AppDelegate.swift */; };
		A0632E4B21FFB7E600CE5785 /* Main.storyboard in Resources */ = {isa = PBXBuildFile; fileRef = A0632E4921FFB7E600CE5785 /* Main.storyboard */; };
		A0632E4D21FFB7E900CE5785 /* Assets.xcassets in Resources */ = {isa = PBXBuildFile; fileRef = A0632E4C21FFB7E900CE5785 /* Assets.xcassets */; };
		A0632E5021FFB7E900CE5785 /* LaunchScreen.storyboard in Resources */ = {isa = PBXBuildFile; fileRef = A0632E4E21FFB7E900CE5785 /* LaunchScreen.storyboard */; };
		A0632E5B21FFB7E900CE5785 /* moviesTests.swift in Sources */ = {isa = PBXBuildFile; fileRef = A0632E5A21FFB7E900CE5785 /* moviesTests.swift */; };
		A0632E6621FFB7E900CE5785 /* moviesUITests.swift in Sources */ = {isa = PBXBuildFile; fileRef = A0632E6521FFB7E900CE5785 /* moviesUITests.swift */; };
		A0632E7A21FFBE5600CE5785 /* MoviesViewController.swift in Sources */ = {isa = PBXBuildFile; fileRef = A0632E7921FFBE5600CE5785 /* MoviesViewController.swift */; };
		A0632E7C21FFC6B500CE5785 /* MovieCell.swift in Sources */ = {isa = PBXBuildFile; fileRef = A0632E7B21FFC6B500CE5785 /* MovieCell.swift */; };
/* End PBXBuildFile section */

/* Begin PBXContainerItemProxy section */
		A0632E5721FFB7E900CE5785 /* PBXContainerItemProxy */ = {
			isa = PBXContainerItemProxy;
			containerPortal = A0632E3A21FFB7E500CE5785 /* Project object */;
			proxyType = 1;
			remoteGlobalIDString = A0632E4121FFB7E500CE5785;
			remoteInfo = movies;
		};
		A0632E6221FFB7E900CE5785 /* PBXContainerItemProxy */ = {
			isa = PBXContainerItemProxy;
			containerPortal = A0632E3A21FFB7E500CE5785 /* Project object */;
			proxyType = 1;
			remoteGlobalIDString = A0632E4121FFB7E500CE5785;
			remoteInfo = movies;
		};
/* End PBXContainerItemProxy section */

/* Begin PBXFileReference section */
		045C6A876852B81EFABC3295 /* Pods-moviesTests.release.xcconfig */ = {isa = PBXFileReference; includeInIndex = 1; lastKnownFileType = text.xcconfig; name = "Pods-moviesTests.release.xcconfig"; path = "Pods/Target Support Files/Pods-moviesTests/Pods-moviesTests.release.xcconfig"; sourceTree = "<group>"; };
		0B1ACA7071592C5AFABCA8EA /* Pods_moviesUITests.framework */ = {isa = PBXFileReference; explicitFileType = wrapper.framework; includeInIndex = 0; path = Pods_moviesUITests.framework; sourceTree = BUILT_PRODUCTS_DIR; };
		172186F224D2B9CB4724F529 /* Pods_movies.framework */ = {isa = PBXFileReference; explicitFileType = wrapper.framework; includeInIndex = 0; path = Pods_movies.framework; sourceTree = BUILT_PRODUCTS_DIR; };
		1E15B9B3954554517BB1F564 /* Pods-movies.debug.xcconfig */ = {isa = PBXFileReference; includeInIndex = 1; lastKnownFileType = text.xcconfig; name = "Pods-movies.debug.xcconfig"; path = "Pods/Target Support Files/Pods-movies/Pods-movies.debug.xcconfig"; sourceTree = "<group>"; };
		412A3355833168388C4BA920 /* Pods-moviesUITests.debug.xcconfig */ = {isa = PBXFileReference; includeInIndex = 1; lastKnownFileType = text.xcconfig; name = "Pods-moviesUITests.debug.xcconfig"; path = "Pods/Target Support Files/Pods-moviesUITests/Pods-moviesUITests.debug.xcconfig"; sourceTree = "<group>"; };
		7C10B8A45784615440511962 /* Pods_moviesTests.framework */ = {isa = PBXFileReference; explicitFileType = wrapper.framework; includeInIndex = 0; path = Pods_moviesTests.framework; sourceTree = BUILT_PRODUCTS_DIR; };
		A0632E4221FFB7E500CE5785 /* movies.app */ = {isa = PBXFileReference; explicitFileType = wrapper.application; includeInIndex = 0; path = movies.app; sourceTree = BUILT_PRODUCTS_DIR; };
		A0632E4521FFB7E600CE5785 /* AppDelegate.swift */ = {isa = PBXFileReference; lastKnownFileType = sourcecode.swift; path = AppDelegate.swift; sourceTree = "<group>"; };
		A0632E4A21FFB7E600CE5785 /* Base */ = {isa = PBXFileReference; lastKnownFileType = file.storyboard; name = Base; path = Base.lproj/Main.storyboard; sourceTree = "<group>"; };
		A0632E4C21FFB7E900CE5785 /* Assets.xcassets */ = {isa = PBXFileReference; lastKnownFileType = folder.assetcatalog; path = Assets.xcassets; sourceTree = "<group>"; };
		A0632E4F21FFB7E900CE5785 /* Base */ = {isa = PBXFileReference; lastKnownFileType = file.storyboard; name = Base; path = Base.lproj/LaunchScreen.storyboard; sourceTree = "<group>"; };
		A0632E5121FFB7E900CE5785 /* Info.plist */ = {isa = PBXFileReference; lastKnownFileType = text.plist.xml; path = Info.plist; sourceTree = "<group>"; };
		A0632E5621FFB7E900CE5785 /* moviesTests.xctest */ = {isa = PBXFileReference; explicitFileType = wrapper.cfbundle; includeInIndex = 0; path = moviesTests.xctest; sourceTree = BUILT_PRODUCTS_DIR; };
		A0632E5A21FFB7E900CE5785 /* moviesTests.swift */ = {isa = PBXFileReference; lastKnownFileType = sourcecode.swift; path = moviesTests.swift; sourceTree = "<group>"; };
		A0632E5C21FFB7E900CE5785 /* Info.plist */ = {isa = PBXFileReference; lastKnownFileType = text.plist.xml; path = Info.plist; sourceTree = "<group>"; };
		A0632E6121FFB7E900CE5785 /* moviesUITests.xctest */ = {isa = PBXFileReference; explicitFileType = wrapper.cfbundle; includeInIndex = 0; path = moviesUITests.xctest; sourceTree = BUILT_PRODUCTS_DIR; };
		A0632E6521FFB7E900CE5785 /* moviesUITests.swift */ = {isa = PBXFileReference; lastKnownFileType = sourcecode.swift; path = moviesUITests.swift; sourceTree = "<group>"; };
		A0632E6721FFB7E900CE5785 /* Info.plist */ = {isa = PBXFileReference; lastKnownFileType = text.plist.xml; path = Info.plist; sourceTree = "<group>"; };
		A0632E7921FFBE5600CE5785 /* MoviesViewController.swift */ = {isa = PBXFileReference; lastKnownFileType = sourcecode.swift; path = MoviesViewController.swift; sourceTree = "<group>"; };
		A0632E7B21FFC6B500CE5785 /* MovieCell.swift */ = {isa = PBXFileReference; lastKnownFileType = sourcecode.swift; path = MovieCell.swift; sourceTree = "<group>"; };
		CEAFB748C273F0BACE6C8BA7 /* Pods-moviesTests.debug.xcconfig */ = {isa = PBXFileReference; includeInIndex = 1; lastKnownFileType = text.xcconfig; name = "Pods-moviesTests.debug.xcconfig"; path = "Pods/Target Support Files/Pods-moviesTests/Pods-moviesTests.debug.xcconfig"; sourceTree = "<group>"; };
		F6F275BE684CB484FC62AF57 /* Pods-movies.release.xcconfig */ = {isa = PBXFileReference; includeInIndex = 1; lastKnownFileType = text.xcconfig; name = "Pods-movies.release.xcconfig"; path = "Pods/Target Support Files/Pods-movies/Pods-movies.release.xcconfig"; sourceTree = "<group>"; };
		FF5010192EE5E3763130B906 /* Pods-moviesUITests.release.xcconfig */ = {isa = PBXFileReference; includeInIndex = 1; lastKnownFileType = text.xcconfig; name = "Pods-moviesUITests.release.xcconfig"; path = "Pods/Target Support Files/Pods-moviesUITests/Pods-moviesUITests.release.xcconfig"; sourceTree = "<group>"; };
/* End PBXFileReference section */

/* Begin PBXFrameworksBuildPhase section */
		A0632E3F21FFB7E500CE5785 /* Frameworks */ = {
			isa = PBXFrameworksBuildPhase;
			buildActionMask = 2147483647;
			files = (
				67AD001EDE0E035C9DA3521C /* Pods_movies.framework in Frameworks */,
			);
			runOnlyForDeploymentPostprocessing = 0;
		};
		A0632E5321FFB7E900CE5785 /* Frameworks */ = {
			isa = PBXFrameworksBuildPhase;
			buildActionMask = 2147483647;
			files = (
				3F66167791E2E999E83BD82C /* Pods_moviesTests.framework in Frameworks */,
			);
			runOnlyForDeploymentPostprocessing = 0;
		};
		A0632E5E21FFB7E900CE5785 /* Frameworks */ = {
			isa = PBXFrameworksBuildPhase;
			buildActionMask = 2147483647;
			files = (
				36E96D1E5935BB6D6B1B0FD1 /* Pods_moviesUITests.framework in Frameworks */,
			);
			runOnlyForDeploymentPostprocessing = 0;
		};
/* End PBXFrameworksBuildPhase section */

/* Begin PBXGroup section */
		879E8E216146B2B5CEDBE608 /* Pods */ = {
			isa = PBXGroup;
			children = (
				1E15B9B3954554517BB1F564 /* Pods-movies.debug.xcconfig */,
				F6F275BE684CB484FC62AF57 /* Pods-movies.release.xcconfig */,
				CEAFB748C273F0BACE6C8BA7 /* Pods-moviesTests.debug.xcconfig */,
				045C6A876852B81EFABC3295 /* Pods-moviesTests.release.xcconfig */,
				412A3355833168388C4BA920 /* Pods-moviesUITests.debug.xcconfig */,
				FF5010192EE5E3763130B906 /* Pods-moviesUITests.release.xcconfig */,
			);
			name = Pods;
			sourceTree = "<group>";
		};
		8BD5905A93ABA7074BD62E30 /* Frameworks */ = {
			isa = PBXGroup;
			children = (
				172186F224D2B9CB4724F529 /* Pods_movies.framework */,
				7C10B8A45784615440511962 /* Pods_moviesTests.framework */,
				0B1ACA7071592C5AFABCA8EA /* Pods_moviesUITests.framework */,
			);
			name = Frameworks;
			sourceTree = "<group>";
		};
		A0632E3921FFB7E500CE5785 = {
			isa = PBXGroup;
			children = (
				A0632E4421FFB7E500CE5785 /* movies */,
				A0632E5921FFB7E900CE5785 /* moviesTests */,
				A0632E6421FFB7E900CE5785 /* moviesUITests */,
				A0632E4321FFB7E500CE5785 /* Products */,
				879E8E216146B2B5CEDBE608 /* Pods */,
				8BD5905A93ABA7074BD62E30 /* Frameworks */,
			);
			sourceTree = "<group>";
		};
		A0632E4321FFB7E500CE5785 /* Products */ = {
			isa = PBXGroup;
			children = (
				A0632E4221FFB7E500CE5785 /* movies.app */,
				A0632E5621FFB7E900CE5785 /* moviesTests.xctest */,
				A0632E6121FFB7E900CE5785 /* moviesUITests.xctest */,
			);
			name = Products;
			sourceTree = "<group>";
		};
		A0632E4421FFB7E500CE5785 /* movies */ = {
			isa = PBXGroup;
			children = (
				A0632E4521FFB7E600CE5785 /* AppDelegate.swift */,
				A0632E4921FFB7E600CE5785 /* Main.storyboard */,
				A0632E7B21FFC6B500CE5785 /* MovieCell.swift */,
				A0632E7921FFBE5600CE5785 /* MoviesViewController.swift */,
				A0632E4C21FFB7E900CE5785 /* Assets.xcassets */,
				A0632E4E21FFB7E900CE5785 /* LaunchScreen.storyboard */,
				A0632E5121FFB7E900CE5785 /* Info.plist */,
			);
			path = movies;
			sourceTree = "<group>";
		};
		A0632E5921FFB7E900CE5785 /* moviesTests */ = {
			isa = PBXGroup;
			children = (
				A0632E5A21FFB7E900CE5785 /* moviesTests.swift */,
				A0632E5C21FFB7E900CE5785 /* Info.plist */,
			);
			path = moviesTests;
			sourceTree = "<group>";
		};
		A0632E6421FFB7E900CE5785 /* moviesUITests */ = {
			isa = PBXGroup;
			children = (
				A0632E6521FFB7E900CE5785 /* moviesUITests.swift */,
				A0632E6721FFB7E900CE5785 /* Info.plist */,
			);
			path = moviesUITests;
			sourceTree = "<group>";
		};
/* End PBXGroup section */

/* Begin PBXNativeTarget section */
		A0632E4121FFB7E500CE5785 /* movies */ = {
			isa = PBXNativeTarget;
			buildConfigurationList = A0632E6A21FFB7E900CE5785 /* Build configuration list for PBXNativeTarget "movies" */;
			buildPhases = (
				054F5A058719CC1E742B29E6 /* [CP] Check Pods Manifest.lock */,
				A0632E3E21FFB7E500CE5785 /* Sources */,
				A0632E3F21FFB7E500CE5785 /* Frameworks */,
				A0632E4021FFB7E500CE5785 /* Resources */,
				38F4D25AD57373982389F5A4 /* [CP] Embed Pods Frameworks */,
			);
			buildRules = (
			);
			dependencies = (
			);
			name = movies;
			productName = movies;
			productReference = A0632E4221FFB7E500CE5785 /* movies.app */;
			productType = "com.apple.product-type.application";
		};
		A0632E5521FFB7E900CE5785 /* moviesTests */ = {
			isa = PBXNativeTarget;
			buildConfigurationList = A0632E6D21FFB7E900CE5785 /* Build configuration list for PBXNativeTarget "moviesTests" */;
			buildPhases = (
				3C396383EF7BD1CD7B13BC16 /* [CP] Check Pods Manifest.lock */,
				A0632E5221FFB7E900CE5785 /* Sources */,
				A0632E5321FFB7E900CE5785 /* Frameworks */,
				A0632E5421FFB7E900CE5785 /* Resources */,
			);
			buildRules = (
			);
			dependencies = (
				A0632E5821FFB7E900CE5785 /* PBXTargetDependency */,
			);
			name = moviesTests;
			productName = moviesTests;
			productReference = A0632E5621FFB7E900CE5785 /* moviesTests.xctest */;
			productType = "com.apple.product-type.bundle.unit-test";
		};
		A0632E6021FFB7E900CE5785 /* moviesUITests */ = {
			isa = PBXNativeTarget;
			buildConfigurationList = A0632E7021FFB7E900CE5785 /* Build configuration list for PBXNativeTarget "moviesUITests" */;
			buildPhases = (
				356F1976DCECA8209F19E354 /* [CP] Check Pods Manifest.lock */,
				A0632E5D21FFB7E900CE5785 /* Sources */,
				A0632E5E21FFB7E900CE5785 /* Frameworks */,
				A0632E5F21FFB7E900CE5785 /* Resources */,
			);
			buildRules = (
			);
			dependencies = (
				A0632E6321FFB7E900CE5785 /* PBXTargetDependency */,
			);
			name = moviesUITests;
			productName = moviesUITests;
			productReference = A0632E6121FFB7E900CE5785 /* moviesUITests.xctest */;
			productType = "com.apple.product-type.bundle.ui-testing";
		};
/* End PBXNativeTarget section */

/* Begin PBXProject section */
		A0632E3A21FFB7E500CE5785 /* Project object */ = {
			isa = PBXProject;
			attributes = {
				LastSwiftUpdateCheck = 1010;
				LastUpgradeCheck = 1010;
				ORGANIZATIONNAME = alexis;
				TargetAttributes = {
					A0632E4121FFB7E500CE5785 = {
						CreatedOnToolsVersion = 10.1;
					};
					A0632E5521FFB7E900CE5785 = {
						CreatedOnToolsVersion = 10.1;
						TestTargetID = A0632E4121FFB7E500CE5785;
					};
					A0632E6021FFB7E900CE5785 = {
						CreatedOnToolsVersion = 10.1;
						TestTargetID = A0632E4121FFB7E500CE5785;
					};
				};
			};
			buildConfigurationList = A0632E3D21FFB7E500CE5785 /* Build configuration list for PBXProject "movies" */;
			compatibilityVersion = "Xcode 9.3";
			developmentRegion = en;
			hasScannedForEncodings = 0;
			knownRegions = (
				en,
				Base,
			);
			mainGroup = A0632E3921FFB7E500CE5785;
			productRefGroup = A0632E4321FFB7E500CE5785 /* Products */;
			projectDirPath = "";
			projectRoot = "";
			targets = (
				A0632E4121FFB7E500CE5785 /* movies */,
				A0632E5521FFB7E900CE5785 /* moviesTests */,
				A0632E6021FFB7E900CE5785 /* moviesUITests */,
			);
		};
/* End PBXProject section */

/* Begin PBXResourcesBuildPhase section */
		A0632E4021FFB7E500CE5785 /* Resources */ = {
			isa = PBXResourcesBuildPhase;
			buildActionMask = 2147483647;
			files = (
				A0632E5021FFB7E900CE5785 /* LaunchScreen.storyboard in Resources */,
				A0632E4D21FFB7E900CE5785 /* Assets.xcassets in Resources */,
				A0632E4B21FFB7E600CE5785 /* Main.storyboard in Resources */,
			);
			runOnlyForDeploymentPostprocessing = 0;
		};
		A0632E5421FFB7E900CE5785 /* Resources */ = {
			isa = PBXResourcesBuildPhase;
			buildActionMask = 2147483647;
			files = (
			);
			runOnlyForDeploymentPostprocessing = 0;
		};
		A0632E5F21FFB7E900CE5785 /* Resources */ = {
			isa = PBXResourcesBuildPhase;
			buildActionMask = 2147483647;
			files = (
			);
			runOnlyForDeploymentPostprocessing = 0;
		};
/* End PBXResourcesBuildPhase section */

/* Begin PBXShellScriptBuildPhase section */
		054F5A058719CC1E742B29E6 /* [CP] Check Pods Manifest.lock */ = {
			isa = PBXShellScriptBuildPhase;
			buildActionMask = 2147483647;
			files = (
			);
			inputFileListPaths = (
			);
			inputPaths = (
				"${PODS_PODFILE_DIR_PATH}/Podfile.lock",
				"${PODS_ROOT}/Manifest.lock",
			);
			name = "[CP] Check Pods Manifest.lock";
			outputFileListPaths = (
			);
			outputPaths = (
				"$(DERIVED_FILE_DIR)/Pods-movies-checkManifestLockResult.txt",
			);
			runOnlyForDeploymentPostprocessing = 0;
			shellPath = /bin/sh;
			shellScript = "diff \"${PODS_PODFILE_DIR_PATH}/Podfile.lock\" \"${PODS_ROOT}/Manifest.lock\" > /dev/null\nif [ $? != 0 ] ; then\n    # print error to STDERR\n    echo \"error: The sandbox is not in sync with the Podfile.lock. Run 'pod install' or update your CocoaPods installation.\" >&2\n    exit 1\nfi\n# This output is used by Xcode 'outputs' to avoid re-running this script phase.\necho \"SUCCESS\" > \"${SCRIPT_OUTPUT_FILE_0}\"\n";
			showEnvVarsInLog = 0;
		};
		356F1976DCECA8209F19E354 /* [CP] Check Pods Manifest.lock */ = {
			isa = PBXShellScriptBuildPhase;
			buildActionMask = 2147483647;
			files = (
			);
			inputFileListPaths = (
			);
			inputPaths = (
				"${PODS_PODFILE_DIR_PATH}/Podfile.lock",
				"${PODS_ROOT}/Manifest.lock",
			);
			name = "[CP] Check Pods Manifest.lock";
			outputFileListPaths = (
			);
			outputPaths = (
				"$(DERIVED_FILE_DIR)/Pods-moviesUITests-checkManifestLockResult.txt",
			);
			runOnlyForDeploymentPostprocessing = 0;
			shellPath = /bin/sh;
			shellScript = "diff \"${PODS_PODFILE_DIR_PATH}/Podfile.lock\" \"${PODS_ROOT}/Manifest.lock\" > /dev/null\nif [ $? != 0 ] ; then\n    # print error to STDERR\n    echo \"error: The sandbox is not in sync with the Podfile.lock. Run 'pod install' or update your CocoaPods installation.\" >&2\n    exit 1\nfi\n# This output is used by Xcode 'outputs' to avoid re-running this script phase.\necho \"SUCCESS\" > \"${SCRIPT_OUTPUT_FILE_0}\"\n";
			showEnvVarsInLog = 0;
		};
		38F4D25AD57373982389F5A4 /* [CP] Embed Pods Frameworks */ = {
			isa = PBXShellScriptBuildPhase;
			buildActionMask = 2147483647;
			files = (
			);
			inputFileListPaths = (
			);
			inputPaths = (
				"${SRCROOT}/Pods/Target Support Files/Pods-movies/Pods-movies-frameworks.sh",
				"${BUILT_PRODUCTS_DIR}/Alamofire/Alamofire.framework",
				"${BUILT_PRODUCTS_DIR}/AlamofireImage/AlamofireImage.framework",
			);
			name = "[CP] Embed Pods Frameworks";
			outputFileListPaths = (
			);
			outputPaths = (
				"${TARGET_BUILD_DIR}/${FRAMEWORKS_FOLDER_PATH}/Alamofire.framework",
				"${TARGET_BUILD_DIR}/${FRAMEWORKS_FOLDER_PATH}/AlamofireImage.framework",
			);
			runOnlyForDeploymentPostprocessing = 0;
			shellPath = /bin/sh;
			shellScript = "\"${SRCROOT}/Pods/Target Support Files/Pods-movies/Pods-movies-frameworks.sh\"\n";
			showEnvVarsInLog = 0;
		};
		3C396383EF7BD1CD7B13BC16 /* [CP] Check Pods Manifest.lock */ = {
			isa = PBXShellScriptBuildPhase;
			buildActionMask = 2147483647;
			files = (
			);
			inputFileListPaths = (
			);
			inputPaths = (
				"${PODS_PODFILE_DIR_PATH}/Podfile.lock",
				"${PODS_ROOT}/Manifest.lock",
			);
			name = "[CP] Check Pods Manifest.lock";
			outputFileListPaths = (
			);
			outputPaths = (
				"$(DERIVED_FILE_DIR)/Pods-moviesTests-checkManifestLockResult.txt",
			);
			runOnlyForDeploymentPostprocessing = 0;
			shellPath = /bin/sh;
			shellScript = "diff \"${PODS_PODFILE_DIR_PATH}/Podfile.lock\" \"${PODS_ROOT}/Manifest.lock\" > /dev/null\nif [ $? != 0 ] ; then\n    # print error to STDERR\n    echo \"error: The sandbox is not in sync with the Podfile.lock. Run 'pod install' or update your CocoaPods installation.\" >&2\n    exit 1\nfi\n# This output is used by Xcode 'outputs' to avoid re-running this script phase.\necho \"SUCCESS\" > \"${SCRIPT_OUTPUT_FILE_0}\"\n";
			showEnvVarsInLog = 0;
		};
/* End PBXShellScriptBuildPhase section */

/* Begin PBXSourcesBuildPhase section */
		A0632E3E21FFB7E500CE5785 /* Sources */ = {
			isa = PBXSourcesBuildPhase;
			buildActionMask = 2147483647;
			files = (
				A0632E4621FFB7E600CE5785 /* AppDelegate.swift in Sources */,
				A0632E7A21FFBE5600CE5785 /* MoviesViewController.swift in Sources */,
				A0632E7C21FFC6B500CE5785 /* MovieCell.swift in Sources */,
			);
			runOnlyForDeploymentPostprocessing = 0;
		};
		A0632E5221FFB7E900CE5785 /* Sources */ = {
			isa = PBXSourcesBuildPhase;
			buildActionMask = 2147483647;
			files = (
				A0632E5B21FFB7E900CE5785 /* moviesTests.swift in Sources */,
			);
			runOnlyForDeploymentPostprocessing = 0;
		};
		A0632E5D21FFB7E900CE5785 /* Sources */ = {
			isa = PBXSourcesBuildPhase;
			buildActionMask = 2147483647;
			files = (
				A0632E6621FFB7E900CE5785 /* moviesUITests.swift in Sources */,
			);
			runOnlyForDeploymentPostprocessing = 0;
		};
/* End PBXSourcesBuildPhase section */

/* Begin PBXTargetDependency section */
		A0632E5821FFB7E900CE5785 /* PBXTargetDependency */ = {
			isa = PBXTargetDependency;
			target = A0632E4121FFB7E500CE5785 /* movies */;
			targetProxy = A0632E5721FFB7E900CE5785 /* PBXContainerItemProxy */;
		};
		A0632E6321FFB7E900CE5785 /* PBXTargetDependency */ = {
			isa = PBXTargetDependency;
			target = A0632E4121FFB7E500CE5785 /* movies */;
			targetProxy = A0632E6221FFB7E900CE5785 /* PBXContainerItemProxy */;
		};
/* End PBXTargetDependency section */

/* Begin PBXVariantGroup section */
		A0632E4921FFB7E600CE5785 /* Main.storyboard */ = {
			isa = PBXVariantGroup;
			children = (
				A0632E4A21FFB7E600CE5785 /* Base */,
			);
			name = Main.storyboard;
			sourceTree = "<group>";
		};
		A0632E4E21FFB7E900CE5785 /* LaunchScreen.storyboard */ = {
			isa = PBXVariantGroup;
			children = (
				A0632E4F21FFB7E900CE5785 /* Base */,
			);
			name = LaunchScreen.storyboard;
			sourceTree = "<group>";
		};
/* End PBXVariantGroup section */

/* Begin XCBuildConfiguration section */
		A0632E6821FFB7E900CE5785 /* Debug */ = {
			isa = XCBuildConfiguration;
			buildSettings = {
				ALWAYS_SEARCH_USER_PATHS = NO;
				CLANG_ANALYZER_NONNULL = YES;
				CLANG_ANALYZER_NUMBER_OBJECT_CONVERSION = YES_AGGRESSIVE;
				CLANG_CXX_LANGUAGE_STANDARD = "gnu++14";
				CLANG_CXX_LIBRARY = "libc++";
				CLANG_ENABLE_MODULES = YES;
				CLANG_ENABLE_OBJC_ARC = YES;
				CLANG_ENABLE_OBJC_WEAK = YES;
				CLANG_WARN_BLOCK_CAPTURE_AUTORELEASING = YES;
				CLANG_WARN_BOOL_CONVERSION = YES;
				CLANG_WARN_COMMA = YES;
				CLANG_WARN_CONSTANT_CONVERSION = YES;
				CLANG_WARN_DEPRECATED_OBJC_IMPLEMENTATIONS = YES;
				CLANG_WARN_DIRECT_OBJC_ISA_USAGE = YES_ERROR;
				CLANG_WARN_DOCUMENTATION_COMMENTS = YES;
				CLANG_WARN_EMPTY_BODY = YES;
				CLANG_WARN_ENUM_CONVERSION = YES;
				CLANG_WARN_INFINITE_RECURSION = YES;
				CLANG_WARN_INT_CONVERSION = YES;
				CLANG_WARN_NON_LITERAL_NULL_CONVERSION = YES;
				CLANG_WARN_OBJC_IMPLICIT_RETAIN_SELF = YES;
				CLANG_WARN_OBJC_LITERAL_CONVERSION = YES;
				CLANG_WARN_OBJC_ROOT_CLASS = YES_ERROR;
				CLANG_WARN_RANGE_LOOP_ANALYSIS = YES;
				CLANG_WARN_STRICT_PROTOTYPES = YES;
				CLANG_WARN_SUSPICIOUS_MOVE = YES;
				CLANG_WARN_UNGUARDED_AVAILABILITY = YES_AGGRESSIVE;
				CLANG_WARN_UNREACHABLE_CODE = YES;
				CLANG_WARN__DUPLICATE_METHOD_MATCH = YES;
				CODE_SIGN_IDENTITY = "iPhone Developer";
				COPY_PHASE_STRIP = NO;
				DEBUG_INFORMATION_FORMAT = dwarf;
				ENABLE_STRICT_OBJC_MSGSEND = YES;
				ENABLE_TESTABILITY = YES;
				GCC_C_LANGUAGE_STANDARD = gnu11;
				GCC_DYNAMIC_NO_PIC = NO;
				GCC_NO_COMMON_BLOCKS = YES;
				GCC_OPTIMIZATION_LEVEL = 0;
				GCC_PREPROCESSOR_DEFINITIONS = (
					"DEBUG=1",
					"$(inherited)",
				);
				GCC_WARN_64_TO_32_BIT_CONVERSION = YES;
				GCC_WARN_ABOUT_RETURN_TYPE = YES_ERROR;
				GCC_WARN_UNDECLARED_SELECTOR = YES;
				GCC_WARN_UNINITIALIZED_AUTOS = YES_AGGRESSIVE;
				GCC_WARN_UNUSED_FUNCTION = YES;
				GCC_WARN_UNUSED_VARIABLE = YES;
				IPHONEOS_DEPLOYMENT_TARGET = 12.1;
				MTL_ENABLE_DEBUG_INFO = INCLUDE_SOURCE;
				MTL_FAST_MATH = YES;
				ONLY_ACTIVE_ARCH = YES;
				SDKROOT = iphoneos;
				SWIFT_ACTIVE_COMPILATION_CONDITIONS = DEBUG;
				SWIFT_OPTIMIZATION_LEVEL = "-Onone";
			};
			name = Debug;
		};
		A0632E6921FFB7E900CE5785 /* Release */ = {
			isa = XCBuildConfiguration;
			buildSettings = {
				ALWAYS_SEARCH_USER_PATHS = NO;
				CLANG_ANALYZER_NONNULL = YES;
				CLANG_ANALYZER_NUMBER_OBJECT_CONVERSION = YES_AGGRESSIVE;
				CLANG_CXX_LANGUAGE_STANDARD = "gnu++14";
				CLANG_CXX_LIBRARY = "libc++";
				CLANG_ENABLE_MODULES = YES;
				CLANG_ENABLE_OBJC_ARC = YES;
				CLANG_ENABLE_OBJC_WEAK = YES;
				CLANG_WARN_BLOCK_CAPTURE_AUTORELEASING = YES;
				CLANG_WARN_BOOL_CONVERSION = YES;
				CLANG_WARN_COMMA = YES;
				CLANG_WARN_CONSTANT_CONVERSION = YES;
				CLANG_WARN_DEPRECATED_OBJC_IMPLEMENTATIONS = YES;
				CLANG_WARN_DIRECT_OBJC_ISA_USAGE = YES_ERROR;
				CLANG_WARN_DOCUMENTATION_COMMENTS = YES;
				CLANG_WARN_EMPTY_BODY = YES;
				CLANG_WARN_ENUM_CONVERSION = YES;
				CLANG_WARN_INFINITE_RECURSION = YES;
				CLANG_WARN_INT_CONVERSION = YES;
				CLANG_WARN_NON_LITERAL_NULL_CONVERSION = YES;
				CLANG_WARN_OBJC_IMPLICIT_RETAIN_SELF = YES;
				CLANG_WARN_OBJC_LITERAL_CONVERSION = YES;
				CLANG_WARN_OBJC_ROOT_CLASS = YES_ERROR;
				CLANG_WARN_RANGE_LOOP_ANALYSIS = YES;
				CLANG_WARN_STRICT_PROTOTYPES = YES;
				CLANG_WARN_SUSPICIOUS_MOVE = YES;
				CLANG_WARN_UNGUARDED_AVAILABILITY = YES_AGGRESSIVE;
				CLANG_WARN_UNREACHABLE_CODE = YES;
				CLANG_WARN__DUPLICATE_METHOD_MATCH = YES;
				CODE_SIGN_IDENTITY = "iPhone Developer";
				COPY_PHASE_STRIP = NO;
				DEBUG_INFORMATION_FORMAT = "dwarf-with-dsym";
				ENABLE_NS_ASSERTIONS = NO;
				ENABLE_STRICT_OBJC_MSGSEND = YES;
				GCC_C_LANGUAGE_STANDARD = gnu11;
				GCC_NO_COMMON_BLOCKS = YES;
				GCC_WARN_64_TO_32_BIT_CONVERSION = YES;
				GCC_WARN_ABOUT_RETURN_TYPE = YES_ERROR;
				GCC_WARN_UNDECLARED_SELECTOR = YES;
				GCC_WARN_UNINITIALIZED_AUTOS = YES_AGGRESSIVE;
				GCC_WARN_UNUSED_FUNCTION = YES;
				GCC_WARN_UNUSED_VARIABLE = YES;
				IPHONEOS_DEPLOYMENT_TARGET = 12.1;
				MTL_ENABLE_DEBUG_INFO = NO;
				MTL_FAST_MATH = YES;
				SDKROOT = iphoneos;
				SWIFT_COMPILATION_MODE = wholemodule;
				SWIFT_OPTIMIZATION_LEVEL = "-O";
				VALIDATE_PRODUCT = YES;
			};
			name = Release;
		};
		A0632E6B21FFB7E900CE5785 /* Debug */ = {
			isa = XCBuildConfiguration;
			baseConfigurationReference = 1E15B9B3954554517BB1F564 /* Pods-movies.debug.xcconfig */;
			buildSettings = {
				ASSETCATALOG_COMPILER_APPICON_NAME = AppIcon;
				CODE_SIGN_STYLE = Automatic;
				INFOPLIST_FILE = movies/Info.plist;
				LD_RUNPATH_SEARCH_PATHS = (
					"$(inherited)",
					"@executable_path/Frameworks",
				);
				PRODUCT_BUNDLE_IDENTIFIER = com.alexis.movies;
				PRODUCT_NAME = "$(TARGET_NAME)";
				SWIFT_VERSION = 4.2;
				TARGETED_DEVICE_FAMILY = "1,2";
			};
			name = Debug;
		};
		A0632E6C21FFB7E900CE5785 /* Release */ = {
			isa = XCBuildConfiguration;
			baseConfigurationReference = F6F275BE684CB484FC62AF57 /* Pods-movies.release.xcconfig */;
			buildSettings = {
				ASSETCATALOG_COMPILER_APPICON_NAME = AppIcon;
				CODE_SIGN_STYLE = Automatic;
				INFOPLIST_FILE = movies/Info.plist;
				LD_RUNPATH_SEARCH_PATHS = (
					"$(inherited)",
					"@executable_path/Frameworks",
				);
				PRODUCT_BUNDLE_IDENTIFIER = com.alexis.movies;
				PRODUCT_NAME = "$(TARGET_NAME)";
				SWIFT_VERSION = 4.2;
				TARGETED_DEVICE_FAMILY = "1,2";
			};
			name = Release;
		};
		A0632E6E21FFB7E900CE5785 /* Debug */ = {
			isa = XCBuildConfiguration;
			baseConfigurationReference = CEAFB748C273F0BACE6C8BA7 /* Pods-moviesTests.debug.xcconfig */;
			buildSettings = {
				ALWAYS_EMBED_SWIFT_STANDARD_LIBRARIES = YES;
				BUNDLE_LOADER = "$(TEST_HOST)";
				CODE_SIGN_STYLE = Automatic;
				INFOPLIST_FILE = moviesTests/Info.plist;
				LD_RUNPATH_SEARCH_PATHS = (
					"$(inherited)",
					"@executable_path/Frameworks",
					"@loader_path/Frameworks",
				);
				PRODUCT_BUNDLE_IDENTIFIER = com.alexis.moviesTests;
				PRODUCT_NAME = "$(TARGET_NAME)";
				SWIFT_VERSION = 4.2;
				TARGETED_DEVICE_FAMILY = "1,2";
				TEST_HOST = "$(BUILT_PRODUCTS_DIR)/movies.app/movies";
			};
			name = Debug;
		};
		A0632E6F21FFB7E900CE5785 /* Release */ = {
			isa = XCBuildConfiguration;
			baseConfigurationReference = 045C6A876852B81EFABC3295 /* Pods-moviesTests.release.xcconfig */;
			buildSettings = {
				ALWAYS_EMBED_SWIFT_STANDARD_LIBRARIES = YES;
				BUNDLE_LOADER = "$(TEST_HOST)";
				CODE_SIGN_STYLE = Automatic;
				INFOPLIST_FILE = moviesTests/Info.plist;
				LD_RUNPATH_SEARCH_PATHS = (
					"$(inherited)",
					"@executable_path/Frameworks",
					"@loader_path/Frameworks",
				);
				PRODUCT_BUNDLE_IDENTIFIER = com.alexis.moviesTests;
				PRODUCT_NAME = "$(TARGET_NAME)";
				SWIFT_VERSION = 4.2;
				TARGETED_DEVICE_FAMILY = "1,2";
				TEST_HOST = "$(BUILT_PRODUCTS_DIR)/movies.app/movies";
			};
			name = Release;
		};
		A0632E7121FFB7E900CE5785 /* Debug */ = {
			isa = XCBuildConfiguration;
			baseConfigurationReference = 412A3355833168388C4BA920 /* Pods-moviesUITests.debug.xcconfig */;
			buildSettings = {
				ALWAYS_EMBED_SWIFT_STANDARD_LIBRARIES = YES;
				CODE_SIGN_STYLE = Automatic;
				INFOPLIST_FILE = moviesUITests/Info.plist;
				LD_RUNPATH_SEARCH_PATHS = (
					"$(inherited)",
					"@executable_path/Frameworks",
					"@loader_path/Frameworks",
				);
				PRODUCT_BUNDLE_IDENTIFIER = com.alexis.moviesUITests;
				PRODUCT_NAME = "$(TARGET_NAME)";
				SWIFT_VERSION = 4.2;
				TARGETED_DEVICE_FAMILY = "1,2";
				TEST_TARGET_NAME = movies;
			};
			name = Debug;
		};
		A0632E7221FFB7E900CE5785 /* Release */ = {
			isa = XCBuildConfiguration;
			baseConfigurationReference = FF5010192EE5E3763130B906 /* Pods-moviesUITests.release.xcconfig */;
			buildSettings = {
				ALWAYS_EMBED_SWIFT_STANDARD_LIBRARIES = YES;
				CODE_SIGN_STYLE = Automatic;
				INFOPLIST_FILE = moviesUITests/Info.plist;
				LD_RUNPATH_SEARCH_PATHS = (
					"$(inherited)",
					"@executable_path/Frameworks",
					"@loader_path/Frameworks",
				);
				PRODUCT_BUNDLE_IDENTIFIER = com.alexis.moviesUITests;
				PRODUCT_NAME = "$(TARGET_NAME)";
				SWIFT_VERSION = 4.2;
				TARGETED_DEVICE_FAMILY = "1,2";
				TEST_TARGET_NAME = movies;
			};
			name = Release;
		};
/* End XCBuildConfiguration section */

/* Begin XCConfigurationList section */
		A0632E3D21FFB7E500CE5785 /* Build configuration list for PBXProject "movies" */ = {
			isa = XCConfigurationList;
			buildConfigurations = (
				A0632E6821FFB7E900CE5785 /* Debug */,
				A0632E6921FFB7E900CE5785 /* Release */,
			);
			defaultConfigurationIsVisible = 0;
			defaultConfigurationName = Release;
		};
		A0632E6A21FFB7E900CE5785 /* Build configuration list for PBXNativeTarget "movies" */ = {
			isa = XCConfigurationList;
			buildConfigurations = (
				A0632E6B21FFB7E900CE5785 /* Debug */,
				A0632E6C21FFB7E900CE5785 /* Release */,
			);
			defaultConfigurationIsVisible = 0;
			defaultConfigurationName = Release;
		};
		A0632E6D21FFB7E900CE5785 /* Build configuration list for PBXNativeTarget "moviesTests" */ = {
			isa = XCConfigurationList;
			buildConfigurations = (
				A0632E6E21FFB7E900CE5785 /* Debug */,
				A0632E6F21FFB7E900CE5785 /* Release */,
			);
			defaultConfigurationIsVisible = 0;
			defaultConfigurationName = Release;
		};
		A0632E7021FFB7E900CE5785 /* Build configuration list for PBXNativeTarget "moviesUITests" */ = {
			isa = XCConfigurationList;
			buildConfigurations = (
				A0632E7121FFB7E900CE5785 /* Debug */,
				A0632E7221FFB7E900CE5785 /* Release */,
			);
			defaultConfigurationIsVisible = 0;
			defaultConfigurationName = Release;
		};
/* End XCConfigurationList section */
	};
	rootObject = A0632E3A21FFB7E500CE5785 /* Project object */;
}
